
Microsoft Visual Studio Solution File, Format Version 12.00
# Visual Studio 14
VisualStudioVersion = 14.0.25123.0
MinimumVisualStudioVersion = 10.0.40219.1
Project("{FAE04EC0-301F-11D3-BF4B-00C04F79EFBC}") = "codefirstEX1", "codefirstEX1\codefirstEX1.csproj", "{FC6AACE9-C637-49A5-A543-9B5E74A4D7E6}"
EndProject
Global
	GlobalSection(SolutionConfigurationPlatforms) = preSolution
		Debug|Any CPU = Debug|Any CPU
		Release|Any CPU = Release|Any CPU
	EndGlobalSection
	GlobalSection(ProjectConfigurationPlatforms) = postSolution
		{FC6AACE9-C637-49A5-A543-9B5E74A4D7E6}.Debug|Any CPU.ActiveCfg = Debug|Any CPU
		{FC6AACE9-C637-49A5-A543-9B5E74A4D7E6}.Debug|Any CPU.Build.0 = Debug|Any CPU
		{FC6AACE9-C637-49A5-A543-9B5E74A4D7E6}.Release|Any CPU.ActiveCfg = Release|Any CPU
		{FC6AACE9-C637-49A5-A543-9B5E74A4D7E6}.Release|Any CPU.Build.0 = Release|Any CPU
	EndGlobalSection
	GlobalSection(SolutionProperties) = preSolution
		HideSolutionNode = FALSE
	EndGlobalSection
EndGlobal
